// !$*UTF8*$!
{
	archiveVersion = 1;
	classes = {
	};
	objectVersion = 46;
	objects = {

/* Begin PBXBuildFile section */
		D33137971C9D5EB5006129C9 /* main.m in Sources */ = {isa = PBXBuildFile; fileRef = D33137961C9D5EB5006129C9 /* main.m */; };
		D331379A1C9D5EB5006129C9 /* AppDelegate.m in Sources */ = {isa = PBXBuildFile; fileRef = D33137991C9D5EB5006129C9 /* AppDelegate.m */; };
		D33137A01C9D5EB5006129C9 /* Main.storyboard in Resources */ = {isa = PBXBuildFile; fileRef = D331379E1C9D5EB5006129C9 /* Main.storyboard */; };
		D33137A21C9D5EB5006129C9 /* Assets.xcassets in Resources */ = {isa = PBXBuildFile; fileRef = D33137A11C9D5EB5006129C9 /* Assets.xcassets */; };
		D33137A51C9D5EB5006129C9 /* LaunchScreen.storyboard in Resources */ = {isa = PBXBuildFile; fileRef = D33137A31C9D5EB5006129C9 /* LaunchScreen.storyboard */; };
		D33137AD1C9D603B006129C9 /* OpenGLES.framework in Frameworks */ = {isa = PBXBuildFile; fileRef = D33137AC1C9D603B006129C9 /* OpenGLES.framework */; };
		D33137B01C9D6068006129C9 /* ThreeDModelViewController.m in Sources */ = {isa = PBXBuildFile; fileRef = D33137AF1C9D6068006129C9 /* ThreeDModelViewController.m */; };
		D33137B51C9E33CD006129C9 /* TransformationManager.m in Sources */ = {isa = PBXBuildFile; fileRef = D33137B41C9E33CD006129C9 /* TransformationManager.m */; };
		D33137B91C9E385C006129C9 /* ThreeDModel.m in Sources */ = {isa = PBXBuildFile; fileRef = D33137B81C9E385C006129C9 /* ThreeDModel.m */; };
/* End PBXBuildFile section */

/* Begin PBXFileReference section */
		D33137921C9D5EB5006129C9 /* 3DModelViewer.app */ = {isa = PBXFileReference; explicitFileType = wrapper.application; includeInIndex = 0; path = 3DModelViewer.app; sourceTree = BUILT_PRODUCTS_DIR; };
		D33137961C9D5EB5006129C9 /* main.m */ = {isa = PBXFileReference; lastKnownFileType = sourcecode.c.objc; path = main.m; sourceTree = "<group>"; };
		D33137981C9D5EB5006129C9 /* AppDelegate.h */ = {isa = PBXFileReference; lastKnownFileType = sourcecode.c.h; path = AppDelegate.h; sourceTree = "<group>"; };
		D33137991C9D5EB5006129C9 /* AppDelegate.m */ = {isa = PBXFileReference; lastKnownFileType = sourcecode.c.objc; path = AppDelegate.m; sourceTree = "<group>"; };
		D331379F1C9D5EB5006129C9 /* Base */ = {isa = PBXFileReference; lastKnownFileType = file.storyboard; name = Base; path = Base.lproj/Main.storyboard; sourceTree = "<group>"; };
		D33137A11C9D5EB5006129C9 /* Assets.xcassets */ = {isa = PBXFileReference; lastKnownFileType = folder.assetcatalog; path = Assets.xcassets; sourceTree = "<group>"; };
		D33137A41C9D5EB5006129C9 /* Base */ = {isa = PBXFileReference; lastKnownFileType = file.storyboard; name = Base; path = Base.lproj/LaunchScreen.storyboard; sourceTree = "<group>"; };
		D33137A61C9D5EB5006129C9 /* Info.plist */ = {isa = PBXFileReference; lastKnownFileType = text.plist.xml; path = Info.plist; sourceTree = "<group>"; };
		D33137AC1C9D603B006129C9 /* OpenGLES.framework */ = {isa = PBXFileReference; lastKnownFileType = wrapper.framework; name = OpenGLES.framework; path = System/Library/Frameworks/OpenGLES.framework; sourceTree = SDKROOT; };
		D33137AE1C9D6068006129C9 /* ThreeDModelViewController.h */ = {isa = PBXFileReference; fileEncoding = 4; lastKnownFileType = sourcecode.c.h; path = ThreeDModelViewController.h; sourceTree = "<group>"; };
		D33137AF1C9D6068006129C9 /* ThreeDModelViewController.m */ = {isa = PBXFileReference; fileEncoding = 4; lastKnownFileType = sourcecode.c.objc; path = ThreeDModelViewController.m; sourceTree = "<group>"; };
		D33137B21C9D68AB006129C9 /* Chair.h */ = {isa = PBXFileReference; fileEncoding = 4; lastKnownFileType = sourcecode.c.h; path = Chair.h; sourceTree = "<group>"; };
		D33137B31C9E33CD006129C9 /* TransformationManager.h */ = {isa = PBXFileReference; fileEncoding = 4; lastKnownFileType = sourcecode.c.h; path = TransformationManager.h; sourceTree = "<group>"; };
		D33137B41C9E33CD006129C9 /* TransformationManager.m */ = {isa = PBXFileReference; fileEncoding = 4; lastKnownFileType = sourcecode.c.objc; path = TransformationManager.m; sourceTree = "<group>"; };
		D33137B71C9E385C006129C9 /* ThreeDModel.h */ = {isa = PBXFileReference; fileEncoding = 4; lastKnownFileType = sourcecode.c.h; path = ThreeDModel.h; sourceTree = "<group>"; };
		D33137B81C9E385C006129C9 /* ThreeDModel.m */ = {isa = PBXFileReference; fileEncoding = 4; lastKnownFileType = sourcecode.c.objc; path = ThreeDModel.m; sourceTree = "<group>"; };
/* End PBXFileReference section */

/* Begin PBXFrameworksBuildPhase section */
		D331378F1C9D5EB5006129C9 /* Frameworks */ = {
			isa = PBXFrameworksBuildPhase;
			buildActionMask = 2147483647;
			files = (
				D33137AD1C9D603B006129C9 /* OpenGLES.framework in Frameworks */,
			);
			runOnlyForDeploymentPostprocessing = 0;
		};
/* End PBXFrameworksBuildPhase section */

/* Begin PBXGroup section */
		D33137891C9D5EB5006129C9 = {
			isa = PBXGroup;
			children = (
				D33137AC1C9D603B006129C9 /* OpenGLES.framework */,
				D33137941C9D5EB5006129C9 /* 3DModelViewer */,
				D33137931C9D5EB5006129C9 /* Products */,
			);
			sourceTree = "<group>";
		};
		D33137931C9D5EB5006129C9 /* Products */ = {
			isa = PBXGroup;
			children = (
				D33137921C9D5EB5006129C9 /* 3DModelViewer.app */,
			);
			name = Products;
			sourceTree = "<group>";
		};
		D33137941C9D5EB5006129C9 /* 3DModelViewer */ = {
			isa = PBXGroup;
			children = (
				D33137B61C9E381E006129C9 /* Models */,
				D33137B11C9D68AB006129C9 /* Resources */,
				D33137981C9D5EB5006129C9 /* AppDelegate.h */,
				D33137991C9D5EB5006129C9 /* AppDelegate.m */,
				D33137AE1C9D6068006129C9 /* ThreeDModelViewController.h */,
				D33137AF1C9D6068006129C9 /* ThreeDModelViewController.m */,
				D331379E1C9D5EB5006129C9 /* Main.storyboard */,
				D33137A11C9D5EB5006129C9 /* Assets.xcassets */,
				D33137A31C9D5EB5006129C9 /* LaunchScreen.storyboard */,
				D33137A61C9D5EB5006129C9 /* Info.plist */,
				D33137951C9D5EB5006129C9 /* Supporting Files */,
				D33137B31C9E33CD006129C9 /* TransformationManager.h */,
				D33137B41C9E33CD006129C9 /* TransformationManager.m */,
			);
			path = 3DModelViewer;
			sourceTree = "<group>";
		};
		D33137951C9D5EB5006129C9 /* Supporting Files */ = {
			isa = PBXGroup;
			children = (
				D33137961C9D5EB5006129C9 /* main.m */,
			);
			name = "Supporting Files";
			sourceTree = "<group>";
		};
		D33137B11C9D68AB006129C9 /* Resources */ = {
			isa = PBXGroup;
			children = (
				D33137B21C9D68AB006129C9 /* Chair.h */,
			);
			path = Resources;
			sourceTree = "<group>";
		};
		D33137B61C9E381E006129C9 /* Models */ = {
			isa = PBXGroup;
			children = (
				D33137B71C9E385C006129C9 /* ThreeDModel.h */,
				D33137B81C9E385C006129C9 /* ThreeDModel.m */,
			);
			name = Models;
			sourceTree = "<group>";
		};
/* End PBXGroup section */

/* Begin PBXNativeTarget section */
		D33137911C9D5EB5006129C9 /* 3DModelViewer */ = {
			isa = PBXNativeTarget;
			buildConfigurationList = D33137A91C9D5EB5006129C9 /* Build configuration list for PBXNativeTarget "3DModelViewer" */;
			buildPhases = (
				D331378E1C9D5EB5006129C9 /* Sources */,
				D33137901C9D5EB5006129C9 /* Resources */,
				D331378F1C9D5EB5006129C9 /* Frameworks */,
			);
			buildRules = (
			);
			dependencies = (
			);
			name = 3DModelViewer;
			productName = 3DModelViewer;
			productReference = D33137921C9D5EB5006129C9 /* 3DModelViewer.app */;
			productType = "com.apple.product-type.application";
		};
/* End PBXNativeTarget section */

/* Begin PBXProject section */
		D331378A1C9D5EB5006129C9 /* Project object */ = {
			isa = PBXProject;
			attributes = {
				LastUpgradeCheck = 0720;
				ORGANIZATIONNAME = Myaango;
				TargetAttributes = {
					D33137911C9D5EB5006129C9 = {
						CreatedOnToolsVersion = 7.2;
					};
				};
			};
			buildConfigurationList = D331378D1C9D5EB5006129C9 /* Build configuration list for PBXProject "3DModelViewer" */;
			compatibilityVersion = "Xcode 3.2";
			developmentRegion = English;
			hasScannedForEncodings = 0;
			knownRegions = (
				en,
				Base,
			);
			mainGroup = D33137891C9D5EB5006129C9;
			productRefGroup = D33137931C9D5EB5006129C9 /* Products */;
			projectDirPath = "";
			projectRoot = "";
			targets = (
				D33137911C9D5EB5006129C9 /* 3DModelViewer */,
			);
		};
/* End PBXProject section */

/* Begin PBXResourcesBuildPhase section */
		D33137901C9D5EB5006129C9 /* Resources */ = {
			isa = PBXResourcesBuildPhase;
			buildActionMask = 2147483647;
			files = (
				D33137A51C9D5EB5006129C9 /* LaunchScreen.storyboard in Resources */,
				D33137A21C9D5EB5006129C9 /* Assets.xcassets in Resources */,
				D33137A01C9D5EB5006129C9 /* Main.storyboard in Resources */,
			);
			runOnlyForDeploymentPostprocessing = 0;
		};
/* End PBXResourcesBuildPhase section */

/* Begin PBXSourcesBuildPhase section */
		D331378E1C9D5EB5006129C9 /* Sources */ = {
			isa = PBXSourcesBuildPhase;
			buildActionMask = 2147483647;
			files = (
				D33137B51C9E33CD006129C9 /* TransformationManager.m in Sources */,
				D33137B01C9D6068006129C9 /* ThreeDModelViewController.m in Sources */,
				D33137B91C9E385C006129C9 /* ThreeDModel.m in Sources */,
				D331379A1C9D5EB5006129C9 /* AppDelegate.m in Sources */,
				D33137971C9D5EB5006129C9 /* main.m in Sources */,
			);
			runOnlyForDeploymentPostprocessing = 0;
		};
/* End PBXSourcesBuildPhase section */

/* Begin PBXVariantGroup section */
		D331379E1C9D5EB5006129C9 /* Main.storyboard */ = {
			isa = PBXVariantGroup;
			children = (
				D331379F1C9D5EB5006129C9 /* Base */,
			);
			name = Main.storyboard;
			sourceTree = "<group>";
		};
		D33137A31C9D5EB5006129C9 /* LaunchScreen.storyboard */ = {
			isa = PBXVariantGroup;
			children = (
				D33137A41C9D5EB5006129C9 /* Base */,
			);
			name = LaunchScreen.storyboard;
			sourceTree = "<group>";
		};
/* End PBXVariantGroup section */

/* Begin XCBuildConfiguration section */
		D33137A71C9D5EB5006129C9 /* Debug */ = {
			isa = XCBuildConfiguration;
			buildSettings = {
				ALWAYS_SEARCH_USER_PATHS = NO;
				CLANG_CXX_LANGUAGE_STANDARD = "gnu++0x";
				CLANG_CXX_LIBRARY = "libc++";
				CLANG_ENABLE_MODULES = YES;
				CLANG_ENABLE_OBJC_ARC = YES;
				CLANG_WARN_BOOL_CONVERSION = YES;
				CLANG_WARN_CONSTANT_CONVERSION = YES;
				CLANG_WARN_DIRECT_OBJC_ISA_USAGE = YES_ERROR;
				CLANG_WARN_EMPTY_BODY = YES;
				CLANG_WARN_ENUM_CONVERSION = YES;
				CLANG_WARN_INT_CONVERSION = YES;
				CLANG_WARN_OBJC_ROOT_CLASS = YES_ERROR;
				CLANG_WARN_UNREACHABLE_CODE = YES;
				CLANG_WARN__DUPLICATE_METHOD_MATCH = YES;
				"CODE_SIGN_IDENTITY[sdk=iphoneos*]" = "iPhone Developer";
				COPY_PHASE_STRIP = NO;
				DEBUG_INFORMATION_FORMAT = dwarf;
				ENABLE_STRICT_OBJC_MSGSEND = YES;
				ENABLE_TESTABILITY = YES;
				GCC_C_LANGUAGE_STANDARD = gnu99;
				GCC_DYNAMIC_NO_PIC = NO;
				GCC_NO_COMMON_BLOCKS = YES;
				GCC_OPTIMIZATION_LEVEL = 0;
				GCC_PREPROCESSOR_DEFINITIONS = (
					"DEBUG=1",
					"$(inherited)",
				);
				GCC_WARN_64_TO_32_BIT_CONVERSION = YES;
				GCC_WARN_ABOUT_RETURN_TYPE = YES_ERROR;
				GCC_WARN_UNDECLARED_SELECTOR = YES;
				GCC_WARN_UNINITIALIZED_AUTOS = YES_AGGRESSIVE;
				GCC_WARN_UNUSED_FUNCTION = YES;
				GCC_WARN_UNUSED_VARIABLE = YES;
				IPHONEOS_DEPLOYMENT_TARGET = 9.2;
				MTL_ENABLE_DEBUG_INFO = YES;
				ONLY_ACTIVE_ARCH = YES;
				SDKROOT = iphoneos;
			};
			name = Debug;
		};
		D33137A81C9D5EB5006129C9 /* Release */ = {
			isa = XCBuildConfiguration;
			buildSettings = {
				ALWAYS_SEARCH_USER_PATHS = NO;
				CLANG_CXX_LANGUAGE_STANDARD = "gnu++0x";
				CLANG_CXX_LIBRARY = "libc++";
				CLANG_ENABLE_MODULES = YES;
				CLANG_ENABLE_OBJC_ARC = YES;
				CLANG_WARN_BOOL_CONVERSION = YES;
				CLANG_WARN_CONSTANT_CONVERSION = YES;
				CLANG_WARN_DIRECT_OBJC_ISA_USAGE = YES_ERROR;
				CLANG_WARN_EMPTY_BODY = YES;
				CLANG_WARN_ENUM_CONVERSION = YES;
				CLANG_WARN_INT_CONVERSION = YES;
				CLANG_WARN_OBJC_ROOT_CLASS = YES_ERROR;
				CLANG_WARN_UNREACHABLE_CODE = YES;
				CLANG_WARN__DUPLICATE_METHOD_MATCH = YES;
				"CODE_SIGN_IDENTITY[sdk=iphoneos*]" = "iPhone Developer";
				COPY_PHASE_STRIP = NO;
				DEBUG_INFORMATION_FORMAT = "dwarf-with-dsym";
				ENABLE_NS_ASSERTIONS = NO;
				ENABLE_STRICT_OBJC_MSGSEND = YES;
				GCC_C_LANGUAGE_STANDARD = gnu99;
				GCC_NO_COMMON_BLOCKS = YES;
				GCC_WARN_64_TO_32_BIT_CONVERSION = YES;
				GCC_WARN_ABOUT_RETURN_TYPE = YES_ERROR;
				GCC_WARN_UNDECLARED_SELECTOR = YES;
				GCC_WARN_UNINITIALIZED_AUTOS = YES_AGGRESSIVE;
				GCC_WARN_UNUSED_FUNCTION = YES;
				GCC_WARN_UNUSED_VARIABLE = YES;
				IPHONEOS_DEPLOYMENT_TARGET = 9.2;
				MTL_ENABLE_DEBUG_INFO = NO;
				SDKROOT = iphoneos;
				VALIDATE_PRODUCT = YES;
			};
			name = Release;
		};
		D33137AA1C9D5EB5006129C9 /* Debug */ = {
			isa = XCBuildConfiguration;
			buildSettings = {
				ASSETCATALOG_COMPILER_APPICON_NAME = AppIcon;
				INFOPLIST_FILE = 3DModelViewer/Info.plist;
				IPHONEOS_DEPLOYMENT_TARGET = 7.0;
				LD_RUNPATH_SEARCH_PATHS = "$(inherited) @executable_path/Frameworks";
				PRODUCT_BUNDLE_IDENTIFIER = com.myaango.threeDModelViewer;
				PRODUCT_NAME = "$(TARGET_NAME)";
			};
			name = Debug;
		};
		D33137AB1C9D5EB5006129C9 /* Release */ = {
			isa = XCBuildConfiguration;
			buildSettings = {
				ASSETCATALOG_COMPILER_APPICON_NAME = AppIcon;
				INFOPLIST_FILE = 3DModelViewer/Info.plist;
				IPHONEOS_DEPLOYMENT_TARGET = 7.0;
				LD_RUNPATH_SEARCH_PATHS = "$(inherited) @executable_path/Frameworks";
				PRODUCT_BUNDLE_IDENTIFIER = com.myaango.threeDModelViewer;
				PRODUCT_NAME = "$(TARGET_NAME)";
			};
			name = Release;
		};
/* End XCBuildConfiguration section */

/* Begin XCConfigurationList section */
		D331378D1C9D5EB5006129C9 /* Build configuration list for PBXProject "3DModelViewer" */ = {
			isa = XCConfigurationList;
			buildConfigurations = (
				D33137A71C9D5EB5006129C9 /* Debug */,
				D33137A81C9D5EB5006129C9 /* Release */,
			);
			defaultConfigurationIsVisible = 0;
			defaultConfigurationName = Release;
		};
		D33137A91C9D5EB5006129C9 /* Build configuration list for PBXNativeTarget "3DModelViewer" */ = {
			isa = XCConfigurationList;
			buildConfigurations = (
				D33137AA1C9D5EB5006129C9 /* Debug */,
				D33137AB1C9D5EB5006129C9 /* Release */,
			);
			defaultConfigurationIsVisible = 0;
			defaultConfigurationName = Release;
		};
/* End XCConfigurationList section */
	};
	rootObject = D331378A1C9D5EB5006129C9 /* Project object */;
}
